
Microsoft Visual Studio Solution File, Format Version 12.00
# Visual Studio Version 16
VisualStudioVersion = 16.0.31402.337
MinimumVisualStudioVersion = 10.0.40219.1
Project("{FAE04EC0-301F-11D3-BF4B-00C04F79EFBC}") = "QuanLyHocSinh", "QuanLyHocSinh\QuanLyHocSinh.csproj", "{769ED94F-D6F4-4353-A21D-C27348A2052C}"
EndProject
Global
	GlobalSection(SolutionConfigurationPlatforms) = preSolution
		Debug|Any CPU = Debug|Any CPU
		Release|Any CPU = Release|Any CPU
	EndGlobalSection
	GlobalSection(ProjectConfigurationPlatforms) = postSolution
		{769ED94F-D6F4-4353-A21D-C27348A2052C}.Debug|Any CPU.ActiveCfg = Debug|Any CPU
		{769ED94F-D6F4-4353-A21D-C27348A2052C}.Debug|Any CPU.Build.0 = Debug|Any CPU
		{769ED94F-D6F4-4353-A21D-C27348A2052C}.Release|Any CPU.ActiveCfg = Release|Any CPU
		{769ED94F-D6F4-4353-A21D-C27348A2052C}.Release|Any CPU.Build.0 = Release|Any CPU
	EndGlobalSection
	GlobalSection(SolutionProperties) = preSolution
		HideSolutionNode = FALSE
	EndGlobalSection
	GlobalSection(ExtensibilityGlobals) = postSolution
		SolutionGuid = {D7819B8B-31D2-4FE8-9736-9A57170C9D02}
	EndGlobalSection
EndGlobal
